
Microsoft Visual Studio Solution File, Format Version 12.00
# Visual Studio Version 17
VisualStudioVersion = 17.0.32112.339
MinimumVisualStudioVersion = 10.0.40219.1
Project("{9A19103F-16F7-4668-BE54-9A1E7A4F7556}") = "Sustainsys.Saml2.Metadata", "src\Sustainsys.Saml2.Metadata\Sustainsys.Saml2.Metadata.csproj", "{9618F2E8-9A98-4A07-825D-E4CC52097ED9}"
EndProject
Project("{2150E333-8FDC-42A3-9474-1A3956D46DE8}") = "Tests", "Tests", "{92934DC3-A1E1-48D0-BBBF-8499A94EB9DC}"
EndProject
Project("{9A19103F-16F7-4668-BE54-9A1E7A4F7556}") = "Sustainsys.Saml2.Metadata.Tests", "src\Tests\Sustainsys.Saml2.Metadata.Tests\Sustainsys.Saml2.Metadata.Tests.csproj", "{3AE76002-E0DC-4172-B244-F15A3A7EB3D4}"
EndProject
Project("{9A19103F-16F7-4668-BE54-9A1E7A4F7556}") = "Sustainsys.Saml2.Tests.Helpers", "src\Tests\Sustainsys.Saml2.Tests.Helpers\Sustainsys.Saml2.Tests.Helpers.csproj", "{073997A4-7572-4C62-9C53-8DD17A62888D}"
EndProject
Project("{9A19103F-16F7-4668-BE54-9A1E7A4F7556}") = "Docs", "docs\Docs.csproj", "{4C2AFA12-245B-4ACD-AB92-60EA2317C485}"
EndProject
Project("{2150E333-8FDC-42A3-9474-1A3956D46DE8}") = "Solution Items", "Solution Items", "{67939779-582A-4972-9393-280BB0A6678B}"
	ProjectSection(SolutionItems) = preProject
		CONTRIBUTING.md = CONTRIBUTING.md
		README.md = README.md
		SECURITY.md = SECURITY.md
	EndProjectSection
EndProject
Global
	GlobalSection(SolutionConfigurationPlatforms) = preSolution
		Debug|Any CPU = Debug|Any CPU
		Release|Any CPU = Release|Any CPU
	EndGlobalSection
	GlobalSection(ProjectConfigurationPlatforms) = postSolution
		{9618F2E8-9A98-4A07-825D-E4CC52097ED9}.Debug|Any CPU.ActiveCfg = Debug|Any CPU
		{9618F2E8-9A98-4A07-825D-E4CC52097ED9}.Debug|Any CPU.Build.0 = Debug|Any CPU
		{9618F2E8-9A98-4A07-825D-E4CC52097ED9}.Release|Any CPU.ActiveCfg = Release|Any CPU
		{9618F2E8-9A98-4A07-825D-E4CC52097ED9}.Release|Any CPU.Build.0 = Release|Any CPU
		{3AE76002-E0DC-4172-B244-F15A3A7EB3D4}.Debug|Any CPU.ActiveCfg = Debug|Any CPU
		{3AE76002-E0DC-4172-B244-F15A3A7EB3D4}.Debug|Any CPU.Build.0 = Debug|Any CPU
		{3AE76002-E0DC-4172-B244-F15A3A7EB3D4}.Release|Any CPU.ActiveCfg = Release|Any CPU
		{3AE76002-E0DC-4172-B244-F15A3A7EB3D4}.Release|Any CPU.Build.0 = Release|Any CPU
		{073997A4-7572-4C62-9C53-8DD17A62888D}.Debug|Any CPU.ActiveCfg = Debug|Any CPU
		{073997A4-7572-4C62-9C53-8DD17A62888D}.Debug|Any CPU.Build.0 = Debug|Any CPU
		{073997A4-7572-4C62-9C53-8DD17A62888D}.Release|Any CPU.ActiveCfg = Release|Any CPU
		{073997A4-7572-4C62-9C53-8DD17A62888D}.Release|Any CPU.Build.0 = Release|Any CPU
		{4C2AFA12-245B-4ACD-AB92-60EA2317C485}.Debug|Any CPU.ActiveCfg = Debug|Any CPU
		{4C2AFA12-245B-4ACD-AB92-60EA2317C485}.Debug|Any CPU.Build.0 = Debug|Any CPU
		{4C2AFA12-245B-4ACD-AB92-60EA2317C485}.Release|Any CPU.ActiveCfg = Release|Any CPU
		{4C2AFA12-245B-4ACD-AB92-60EA2317C485}.Release|Any CPU.Build.0 = Release|Any CPU
	EndGlobalSection
	GlobalSection(SolutionProperties) = preSolution
		HideSolutionNode = FALSE
	EndGlobalSection
	GlobalSection(NestedProjects) = preSolution
		{3AE76002-E0DC-4172-B244-F15A3A7EB3D4} = {92934DC3-A1E1-48D0-BBBF-8499A94EB9DC}
		{073997A4-7572-4C62-9C53-8DD17A62888D} = {92934DC3-A1E1-48D0-BBBF-8499A94EB9DC}
	EndGlobalSection
	GlobalSection(ExtensibilityGlobals) = postSolution
		SolutionGuid = {6B39DC3D-AD4E-4DC4-A9BC-74CF3F38E9CC}
	EndGlobalSection
EndGlobal
