
Microsoft Visual Studio Solution File, Format Version 12.00
# Visual Studio 15
VisualStudioVersion = 15.0.27130.2020
MinimumVisualStudioVersion = 10.0.40219.1
Project("{9A19103F-16F7-4668-BE54-9A1E7A4F7556}") = "Sustainsys.Saml2", "Sustainsys.Saml2\Sustainsys.Saml2.csproj", "{93BA675E-A159-4701-B68B-C4B81015C556}"
EndProject
Project("{2150E333-8FDC-42A3-9474-1A3956D46DE8}") = "Solution Items", "Solution Items", "{E0C4834E-A7A9-476F-8F46-B2D533190872}"
	ProjectSection(SolutionItems) = preProject
		CodeCoverage.runsettings = CodeCoverage.runsettings
		CONTRIBUTING.md = CONTRIBUTING.md
		LICENSE = LICENSE
		README.md = README.md
		Sustainsys.Saml2.ruleset = Sustainsys.Saml2.ruleset
		VersionInfo.cs = VersionInfo.cs
	EndProjectSection
EndProject
Project("{2150E333-8FDC-42A3-9474-1A3956D46DE8}") = "nuget", "nuget", "{8EE1C45E-A81F-4D3F-A645-4C20528E327F}"
	ProjectSection(SolutionItems) = preProject
		nuget\kentor.png = nuget\kentor.png
		nuget\MakePackage.ps1 = nuget\MakePackage.ps1
		nuget\ReleaseNotes.txt = nuget\ReleaseNotes.txt
		nuget\Sustainsys.png = nuget\Sustainsys.png
		nuget\Sustainsys.Saml2.HttpModule.nuspec = nuget\Sustainsys.Saml2.HttpModule.nuspec
		nuget\Sustainsys.Saml2.Mvc.nuspec = nuget\Sustainsys.Saml2.Mvc.nuspec
		nuget\Sustainsys.Saml2.Owin.nuspec = nuget\Sustainsys.Saml2.Owin.nuspec
	EndProjectSection
EndProject
Project("{FAE04EC0-301F-11D3-BF4B-00C04F79EFBC}") = "Sustainsys.Saml2.Mvc", "Sustainsys.Saml2.Mvc\Sustainsys.Saml2.Mvc.csproj", "{7D32F0A3-CEC8-4DC6-A096-5905EA9C3770}"
EndProject
Project("{FAE04EC0-301F-11D3-BF4B-00C04F79EFBC}") = "Sustainsys.Saml2.StubIdp", "Sustainsys.Saml2.StubIdp\Sustainsys.Saml2.StubIdp.csproj", "{7B60747D-6337-4424-ACB5-7D580EC1E1A1}"
EndProject
Project("{FAE04EC0-301F-11D3-BF4B-00C04F79EFBC}") = "Sustainsys.Saml2.Owin", "Sustainsys.Saml2.Owin\Sustainsys.Saml2.Owin.csproj", "{FA1E7723-124C-4D2D-A731-E16400B0073B}"
EndProject
Project("{FAE04EC0-301F-11D3-BF4B-00C04F79EFBC}") = "Sustainsys.Saml2.HttpModule", "Sustainsys.Saml2.HttpModule\Sustainsys.Saml2.HttpModule.csproj", "{86A588E8-2E2D-4394-9545-24D8EA939CF2}"
EndProject
Project("{2150E333-8FDC-42A3-9474-1A3956D46DE8}") = "Samples", "Samples", "{09639770-8C2B-4D30-BBFC-4F6DD1A92C89}"
EndProject
Project("{FAE04EC0-301F-11D3-BF4B-00C04F79EFBC}") = "SampleHttpModuleApplication", "Samples\SampleHttpModuleApplication\SampleHttpModuleApplication.csproj", "{A8933B89-1052-43EF-A884-07860375F3FA}"
EndProject
Project("{FAE04EC0-301F-11D3-BF4B-00C04F79EFBC}") = "SampleIdentityServer3", "Samples\SampleIdentityServer3\SampleIdentityServer3.csproj", "{D4B36D49-D994-48AC-AC1F-7A2AA49BDF0B}"
EndProject
Project("{FAE04EC0-301F-11D3-BF4B-00C04F79EFBC}") = "SampleMvcApplication", "Samples\SampleMvcApplication\SampleMvcApplication.csproj", "{CE07482B-C6AB-4195-A1A7-3BB69176EFF2}"
EndProject
Project("{FAE04EC0-301F-11D3-BF4B-00C04F79EFBC}") = "SampleOwinApplication", "Samples\SampleOwinApplication\SampleOwinApplication.csproj", "{1C263C1A-3201-4A90-96BB-22CD3F074EC8}"
EndProject
Project("{2150E333-8FDC-42A3-9474-1A3956D46DE8}") = "Tests", "Tests", "{F3C8CC66-4CE9-4683-BC31-B89AF47A5897}"
EndProject
Project("{FAE04EC0-301F-11D3-BF4B-00C04F79EFBC}") = "Mvc.Tests", "Tests\Mvc.Tests\Mvc.Tests.csproj", "{F09D61F6-CA41-4B73-B59E-2A5C5626F058}"
EndProject
Project("{9A19103F-16F7-4668-BE54-9A1E7A4F7556}") = "TestHelpers", "Tests\TestHelpers\TestHelpers.csproj", "{CF1E517E-B2FE-48E1-8BB9-4D9981695C47}"
EndProject
Project("{FAE04EC0-301F-11D3-BF4B-00C04F79EFBC}") = "Owin.Tests", "Tests\Owin.Tests\Owin.Tests.csproj", "{0E01A985-54CC-4190-851F-6475C7BB1A5D}"
EndProject
Project("{FAE04EC0-301F-11D3-BF4B-00C04F79EFBC}") = "HttpModule.Tests", "Tests\HttpModule.Tests\HttpModule.Tests.csproj", "{4D3EADFB-93E9-4F66-BD61-FBAC9E30A294}"
EndProject
Project("{9A19103F-16F7-4668-BE54-9A1E7A4F7556}") = "SampleAspNetCore2ApplicationNETFramework", "Samples\SampleAspNetCore2ApplicationNETFramework\SampleAspNetCore2ApplicationNETFramework.csproj", "{8EB3820A-4DB4-4875-A155-6C3D7458983E}"
EndProject
Project("{9A19103F-16F7-4668-BE54-9A1E7A4F7556}") = "Sustainsys.Saml2.AspNetCore2", "Sustainsys.Saml2.AspNetCore2\Sustainsys.Saml2.AspNetCore2.csproj", "{0A1A7E8C-838C-4114-894B-564592417AFA}"
EndProject
Project("{9A19103F-16F7-4668-BE54-9A1E7A4F7556}") = "AspNetCore2.Tests", "Tests\AspNetCore2.Tests\AspNetCore2.Tests.csproj", "{20359A9A-6435-4264-8B36-22CD76731432}"
EndProject
Project("{9A19103F-16F7-4668-BE54-9A1E7A4F7556}") = "Tests.NETCore", "Tests\Tests.NETCore\Tests.NETCore.csproj", "{FF774B2E-51D4-4C64-BA0E-C061683A9B93}"
EndProject
Project("{FAE04EC0-301F-11D3-BF4B-00C04F79EFBC}") = "Tests.NETFramework", "Tests\Tests.NETFramework\Tests.NETFramework.csproj", "{C5C43D57-3A9C-4EDF-97AF-EE55A950284C}"
EndProject
Project("{D954291E-2A0B-460D-934E-DC6B0785DB48}") = "Tests.Shared", "Tests\Tests.Shared\Tests.Shared.shproj", "{82F84E61-1292-47CF-B0DC-59F26EC56C32}"
EndProject
Project("{9A19103F-16F7-4668-BE54-9A1E7A4F7556}") = "SampleIdentityServer4", "Samples\SampleIdentityServer4\SampleIdentityServer4.csproj", "{19ED65C5-A184-4AA8-9CBB-464E7433075A}"
EndProject
Project("{9A19103F-16F7-4668-BE54-9A1E7A4F7556}") = "SampleIdentityServer4AspNetIdentity", "Samples\SampleIdentityServer4AspNetIdentity\SampleIdentityServer4AspNetIdentity.csproj", "{A6DA495F-3AE8-482B-BC63-1F70BC752654}"
EndProject
Project("{2150E333-8FDC-42A3-9474-1A3956D46DE8}") = "docs", "docs", "{46971976-411C-4DD6-A45E-194E309BC94F}"
	ProjectSection(SolutionItems) = preProject
		docs\conf.py = docs\conf.py
		docs\configuration.rst = docs\configuration.rst
		docs\contributing.rst = docs\contributing.rst
		docs\getting-started.rst = docs\getting-started.rst
		docs\identity-server-3-okta.rst = docs\identity-server-3-okta.rst
		docs\index.rst = docs\index.rst
		docs\make.bat = docs\make.bat
		docs\Makefile = docs\Makefile
		docs\OktaAppOptions.png = docs\OktaAppOptions.png
		docs\owin-middleware.rst = docs\owin-middleware.rst
		docs\troubleshooting.rst = docs\troubleshooting.rst
	EndProjectSection
EndProject
Project("{2150E333-8FDC-42A3-9474-1A3956D46DE8}") = "config-elements", "config-elements", "{04FAC06E-5E04-4D87-96BE-254FEBAEA0DE}"
	ProjectSection(SolutionItems) = preProject
		docs\config-elements\compatibility.rst = docs\config-elements\compatibility.rst
		docs\config-elements\contact-person.rst = docs\config-elements\contact-person.rst
		docs\config-elements\federations.rst = docs\config-elements\federations.rst
		docs\config-elements\identity-providers.rst = docs\config-elements\identity-providers.rst
		docs\config-elements\metadata.rst = docs\config-elements\metadata.rst
		docs\config-elements\name-id-policy.rst = docs\config-elements\name-id-policy.rst
		docs\config-elements\organization.rst = docs\config-elements\organization.rst
		docs\config-elements\requested-attributes.rst = docs\config-elements\requested-attributes.rst
		docs\config-elements\requested-authn-context.rst = docs\config-elements\requested-authn-context.rst
		docs\config-elements\service-certificates.rst = docs\config-elements\service-certificates.rst
		docs\config-elements\signing-certificate.rst = docs\config-elements\signing-certificate.rst
		docs\config-elements\sustainsys-saml2.rst = docs\config-elements\sustainsys-saml2.rst
	EndProjectSection
EndProject
Global
	GlobalSection(SharedMSBuildProjectFiles) = preSolution
		Tests\Tests.Shared\Tests.Shared.projitems*{82f84e61-1292-47cf-b0dc-59f26ec56c32}*SharedItemsImports = 13
		Tests\Tests.Shared\Tests.Shared.projitems*{c5c43d57-3a9c-4edf-97af-ee55a950284c}*SharedItemsImports = 4
	EndGlobalSection
	GlobalSection(SolutionConfigurationPlatforms) = preSolution
		Debug|Any CPU = Debug|Any CPU
		Release|Any CPU = Release|Any CPU
	EndGlobalSection
	GlobalSection(ProjectConfigurationPlatforms) = postSolution
		{93BA675E-A159-4701-B68B-C4B81015C556}.Debug|Any CPU.ActiveCfg = Debug|Any CPU
		{93BA675E-A159-4701-B68B-C4B81015C556}.Debug|Any CPU.Build.0 = Debug|Any CPU
		{93BA675E-A159-4701-B68B-C4B81015C556}.Release|Any CPU.ActiveCfg = Release|Any CPU
		{93BA675E-A159-4701-B68B-C4B81015C556}.Release|Any CPU.Build.0 = Release|Any CPU
		{7D32F0A3-CEC8-4DC6-A096-5905EA9C3770}.Debug|Any CPU.ActiveCfg = Debug|Any CPU
		{7D32F0A3-CEC8-4DC6-A096-5905EA9C3770}.Debug|Any CPU.Build.0 = Debug|Any CPU
		{7D32F0A3-CEC8-4DC6-A096-5905EA9C3770}.Release|Any CPU.ActiveCfg = Release|Any CPU
		{7D32F0A3-CEC8-4DC6-A096-5905EA9C3770}.Release|Any CPU.Build.0 = Release|Any CPU
		{7B60747D-6337-4424-ACB5-7D580EC1E1A1}.Debug|Any CPU.ActiveCfg = Debug|Any CPU
		{7B60747D-6337-4424-ACB5-7D580EC1E1A1}.Debug|Any CPU.Build.0 = Debug|Any CPU
		{7B60747D-6337-4424-ACB5-7D580EC1E1A1}.Release|Any CPU.ActiveCfg = Release|Any CPU
		{7B60747D-6337-4424-ACB5-7D580EC1E1A1}.Release|Any CPU.Build.0 = Release|Any CPU
		{FA1E7723-124C-4D2D-A731-E16400B0073B}.Debug|Any CPU.ActiveCfg = Debug|Any CPU
		{FA1E7723-124C-4D2D-A731-E16400B0073B}.Debug|Any CPU.Build.0 = Debug|Any CPU
		{FA1E7723-124C-4D2D-A731-E16400B0073B}.Release|Any CPU.ActiveCfg = Release|Any CPU
		{FA1E7723-124C-4D2D-A731-E16400B0073B}.Release|Any CPU.Build.0 = Release|Any CPU
		{86A588E8-2E2D-4394-9545-24D8EA939CF2}.Debug|Any CPU.ActiveCfg = Debug|Any CPU
		{86A588E8-2E2D-4394-9545-24D8EA939CF2}.Debug|Any CPU.Build.0 = Debug|Any CPU
		{86A588E8-2E2D-4394-9545-24D8EA939CF2}.Release|Any CPU.ActiveCfg = Release|Any CPU
		{86A588E8-2E2D-4394-9545-24D8EA939CF2}.Release|Any CPU.Build.0 = Release|Any CPU
		{A8933B89-1052-43EF-A884-07860375F3FA}.Debug|Any CPU.ActiveCfg = Debug|Any CPU
		{A8933B89-1052-43EF-A884-07860375F3FA}.Debug|Any CPU.Build.0 = Debug|Any CPU
		{A8933B89-1052-43EF-A884-07860375F3FA}.Release|Any CPU.ActiveCfg = Debug|Any CPU
		{A8933B89-1052-43EF-A884-07860375F3FA}.Release|Any CPU.Build.0 = Debug|Any CPU
		{D4B36D49-D994-48AC-AC1F-7A2AA49BDF0B}.Debug|Any CPU.ActiveCfg = Debug|Any CPU
		{D4B36D49-D994-48AC-AC1F-7A2AA49BDF0B}.Debug|Any CPU.Build.0 = Debug|Any CPU
		{D4B36D49-D994-48AC-AC1F-7A2AA49BDF0B}.Release|Any CPU.ActiveCfg = Release|Any CPU
		{D4B36D49-D994-48AC-AC1F-7A2AA49BDF0B}.Release|Any CPU.Build.0 = Release|Any CPU
		{CE07482B-C6AB-4195-A1A7-3BB69176EFF2}.Debug|Any CPU.ActiveCfg = Debug|Any CPU
		{CE07482B-C6AB-4195-A1A7-3BB69176EFF2}.Debug|Any CPU.Build.0 = Debug|Any CPU
		{CE07482B-C6AB-4195-A1A7-3BB69176EFF2}.Release|Any CPU.ActiveCfg = Debug|Any CPU
		{CE07482B-C6AB-4195-A1A7-3BB69176EFF2}.Release|Any CPU.Build.0 = Debug|Any CPU
		{1C263C1A-3201-4A90-96BB-22CD3F074EC8}.Debug|Any CPU.ActiveCfg = Debug|Any CPU
		{1C263C1A-3201-4A90-96BB-22CD3F074EC8}.Debug|Any CPU.Build.0 = Debug|Any CPU
		{1C263C1A-3201-4A90-96BB-22CD3F074EC8}.Release|Any CPU.ActiveCfg = Release|Any CPU
		{1C263C1A-3201-4A90-96BB-22CD3F074EC8}.Release|Any CPU.Build.0 = Release|Any CPU
		{F09D61F6-CA41-4B73-B59E-2A5C5626F058}.Debug|Any CPU.ActiveCfg = Debug|Any CPU
		{F09D61F6-CA41-4B73-B59E-2A5C5626F058}.Debug|Any CPU.Build.0 = Debug|Any CPU
		{F09D61F6-CA41-4B73-B59E-2A5C5626F058}.Release|Any CPU.ActiveCfg = Release|Any CPU
		{F09D61F6-CA41-4B73-B59E-2A5C5626F058}.Release|Any CPU.Build.0 = Release|Any CPU
		{CF1E517E-B2FE-48E1-8BB9-4D9981695C47}.Debug|Any CPU.ActiveCfg = Debug|Any CPU
		{CF1E517E-B2FE-48E1-8BB9-4D9981695C47}.Debug|Any CPU.Build.0 = Debug|Any CPU
		{CF1E517E-B2FE-48E1-8BB9-4D9981695C47}.Release|Any CPU.ActiveCfg = Release|Any CPU
		{CF1E517E-B2FE-48E1-8BB9-4D9981695C47}.Release|Any CPU.Build.0 = Release|Any CPU
		{0E01A985-54CC-4190-851F-6475C7BB1A5D}.Debug|Any CPU.ActiveCfg = Debug|Any CPU
		{0E01A985-54CC-4190-851F-6475C7BB1A5D}.Debug|Any CPU.Build.0 = Debug|Any CPU
		{0E01A985-54CC-4190-851F-6475C7BB1A5D}.Release|Any CPU.ActiveCfg = Release|Any CPU
		{0E01A985-54CC-4190-851F-6475C7BB1A5D}.Release|Any CPU.Build.0 = Release|Any CPU
		{4D3EADFB-93E9-4F66-BD61-FBAC9E30A294}.Debug|Any CPU.ActiveCfg = Debug|Any CPU
		{4D3EADFB-93E9-4F66-BD61-FBAC9E30A294}.Debug|Any CPU.Build.0 = Debug|Any CPU
		{4D3EADFB-93E9-4F66-BD61-FBAC9E30A294}.Release|Any CPU.ActiveCfg = Release|Any CPU
		{4D3EADFB-93E9-4F66-BD61-FBAC9E30A294}.Release|Any CPU.Build.0 = Release|Any CPU
		{8EB3820A-4DB4-4875-A155-6C3D7458983E}.Debug|Any CPU.ActiveCfg = Debug|Any CPU
		{8EB3820A-4DB4-4875-A155-6C3D7458983E}.Debug|Any CPU.Build.0 = Debug|Any CPU
		{8EB3820A-4DB4-4875-A155-6C3D7458983E}.Release|Any CPU.ActiveCfg = Release|Any CPU
		{8EB3820A-4DB4-4875-A155-6C3D7458983E}.Release|Any CPU.Build.0 = Release|Any CPU
		{0A1A7E8C-838C-4114-894B-564592417AFA}.Debug|Any CPU.ActiveCfg = Debug|Any CPU
		{0A1A7E8C-838C-4114-894B-564592417AFA}.Debug|Any CPU.Build.0 = Debug|Any CPU
		{0A1A7E8C-838C-4114-894B-564592417AFA}.Release|Any CPU.ActiveCfg = Release|Any CPU
		{0A1A7E8C-838C-4114-894B-564592417AFA}.Release|Any CPU.Build.0 = Release|Any CPU
		{20359A9A-6435-4264-8B36-22CD76731432}.Debug|Any CPU.ActiveCfg = Debug|Any CPU
		{20359A9A-6435-4264-8B36-22CD76731432}.Debug|Any CPU.Build.0 = Debug|Any CPU
		{20359A9A-6435-4264-8B36-22CD76731432}.Release|Any CPU.ActiveCfg = Release|Any CPU
		{20359A9A-6435-4264-8B36-22CD76731432}.Release|Any CPU.Build.0 = Release|Any CPU
		{FF774B2E-51D4-4C64-BA0E-C061683A9B93}.Debug|Any CPU.ActiveCfg = Debug|Any CPU
		{FF774B2E-51D4-4C64-BA0E-C061683A9B93}.Debug|Any CPU.Build.0 = Debug|Any CPU
		{FF774B2E-51D4-4C64-BA0E-C061683A9B93}.Release|Any CPU.ActiveCfg = Release|Any CPU
		{FF774B2E-51D4-4C64-BA0E-C061683A9B93}.Release|Any CPU.Build.0 = Release|Any CPU
		{C5C43D57-3A9C-4EDF-97AF-EE55A950284C}.Debug|Any CPU.ActiveCfg = Debug|Any CPU
		{C5C43D57-3A9C-4EDF-97AF-EE55A950284C}.Debug|Any CPU.Build.0 = Debug|Any CPU
		{C5C43D57-3A9C-4EDF-97AF-EE55A950284C}.Release|Any CPU.ActiveCfg = Debug|Any CPU
		{C5C43D57-3A9C-4EDF-97AF-EE55A950284C}.Release|Any CPU.Build.0 = Debug|Any CPU
		{19ED65C5-A184-4AA8-9CBB-464E7433075A}.Debug|Any CPU.ActiveCfg = Debug|Any CPU
		{19ED65C5-A184-4AA8-9CBB-464E7433075A}.Debug|Any CPU.Build.0 = Debug|Any CPU
		{19ED65C5-A184-4AA8-9CBB-464E7433075A}.Release|Any CPU.ActiveCfg = Release|Any CPU
		{19ED65C5-A184-4AA8-9CBB-464E7433075A}.Release|Any CPU.Build.0 = Release|Any CPU
		{A6DA495F-3AE8-482B-BC63-1F70BC752654}.Debug|Any CPU.ActiveCfg = Debug|Any CPU
		{A6DA495F-3AE8-482B-BC63-1F70BC752654}.Debug|Any CPU.Build.0 = Debug|Any CPU
		{A6DA495F-3AE8-482B-BC63-1F70BC752654}.Release|Any CPU.ActiveCfg = Release|Any CPU
		{A6DA495F-3AE8-482B-BC63-1F70BC752654}.Release|Any CPU.Build.0 = Release|Any CPU
	EndGlobalSection
	GlobalSection(SolutionProperties) = preSolution
		HideSolutionNode = FALSE
	EndGlobalSection
	GlobalSection(NestedProjects) = preSolution
		{A8933B89-1052-43EF-A884-07860375F3FA} = {09639770-8C2B-4D30-BBFC-4F6DD1A92C89}
		{D4B36D49-D994-48AC-AC1F-7A2AA49BDF0B} = {09639770-8C2B-4D30-BBFC-4F6DD1A92C89}
		{CE07482B-C6AB-4195-A1A7-3BB69176EFF2} = {09639770-8C2B-4D30-BBFC-4F6DD1A92C89}
		{1C263C1A-3201-4A90-96BB-22CD3F074EC8} = {09639770-8C2B-4D30-BBFC-4F6DD1A92C89}
		{F09D61F6-CA41-4B73-B59E-2A5C5626F058} = {F3C8CC66-4CE9-4683-BC31-B89AF47A5897}
		{CF1E517E-B2FE-48E1-8BB9-4D9981695C47} = {F3C8CC66-4CE9-4683-BC31-B89AF47A5897}
		{0E01A985-54CC-4190-851F-6475C7BB1A5D} = {F3C8CC66-4CE9-4683-BC31-B89AF47A5897}
		{4D3EADFB-93E9-4F66-BD61-FBAC9E30A294} = {F3C8CC66-4CE9-4683-BC31-B89AF47A5897}
		{8EB3820A-4DB4-4875-A155-6C3D7458983E} = {09639770-8C2B-4D30-BBFC-4F6DD1A92C89}
		{20359A9A-6435-4264-8B36-22CD76731432} = {F3C8CC66-4CE9-4683-BC31-B89AF47A5897}
		{FF774B2E-51D4-4C64-BA0E-C061683A9B93} = {F3C8CC66-4CE9-4683-BC31-B89AF47A5897}
		{C5C43D57-3A9C-4EDF-97AF-EE55A950284C} = {F3C8CC66-4CE9-4683-BC31-B89AF47A5897}
		{82F84E61-1292-47CF-B0DC-59F26EC56C32} = {F3C8CC66-4CE9-4683-BC31-B89AF47A5897}
		{19ED65C5-A184-4AA8-9CBB-464E7433075A} = {09639770-8C2B-4D30-BBFC-4F6DD1A92C89}
		{A6DA495F-3AE8-482B-BC63-1F70BC752654} = {09639770-8C2B-4D30-BBFC-4F6DD1A92C89}
		{04FAC06E-5E04-4D87-96BE-254FEBAEA0DE} = {46971976-411C-4DD6-A45E-194E309BC94F}
	EndGlobalSection
	GlobalSection(ExtensibilityGlobals) = postSolution
		SolutionGuid = {A8812E38-A212-46DD-B51F-AB653F39E4ED}
	EndGlobalSection
EndGlobal
