
Microsoft Visual Studio Solution File, Format Version 12.00
# Visual Studio Version 17
VisualStudioVersion = 17.0.32112.339
MinimumVisualStudioVersion = 10.0.40219.1
Project("{2150E333-8FDC-42A3-9474-1A3956D46DE8}") = "Tests", "Tests", "{92934DC3-A1E1-48D0-BBBF-8499A94EB9DC}"
EndProject
Project("{2150E333-8FDC-42A3-9474-1A3956D46DE8}") = "Solution Items", "Solution Items", "{67939779-582A-4972-9393-280BB0A6678B}"
	ProjectSection(SolutionItems) = preProject
		CONTRIBUTING.md = CONTRIBUTING.md
		LICENSE = LICENSE
		README.md = README.md
		SECURITY.md = SECURITY.md
	EndProjectSection
EndProject
Project("{9A19103F-16F7-4668-BE54-9A1E7A4F7556}") = "Sustainsys.Saml2", "src\foss\Sustainsys.Saml2\Sustainsys.Saml2.csproj", "{A5EEC055-2C50-4E34-98D4-A2B5B1CB0F8D}"
EndProject
Project("{9A19103F-16F7-4668-BE54-9A1E7A4F7556}") = "WebApplication", "src\foss\Tests\WebApplication\WebApplication.csproj", "{A03937C8-9CBA-4B60-8116-4EFF2531DF0A}"
EndProject
Project("{9A19103F-16F7-4668-BE54-9A1E7A4F7556}") = "Sustainsys.Saml2.Tests", "src\foss\Tests\Sustainsys.Saml2.Tests\Sustainsys.Saml2.Tests.csproj", "{F4B928E9-9E1D-4760-BA36-91BA46C2AA33}"
EndProject
Project("{2150E333-8FDC-42A3-9474-1A3956D46DE8}") = "foss", "foss", "{53C837F9-BB1A-F9B8-7182-8811ACAB2E08}"
EndProject
Project("{2150E333-8FDC-42A3-9474-1A3956D46DE8}") = "commercial", "commercial", "{6941732A-EE8F-0657-99DC-FA435846C4C2}"
EndProject
Project("{FAE04EC0-301F-11D3-BF4B-00C04F79EFBC}") = "Sustainsys.Saml2.Plus", "src\commercial\Sustainsys.Saml2.Plus\Sustainsys.Saml2.Plus.csproj", "{DAD5157D-0583-4789-963E-5112D402C6F4}"
EndProject
Project("{FAE04EC0-301F-11D3-BF4B-00C04F79EFBC}") = "Sustainsys.Saml2.DuendeIdentityServer", "src\commercial\Sustainsys.Saml2.DuendeIdentityServer\Sustainsys.Saml2.DuendeIdentityServer.csproj", "{F587ED90-9657-4828-9612-632260216A5A}"
EndProject
Project("{2150E333-8FDC-42A3-9474-1A3956D46DE8}") = "Tests", "Tests", "{8904A032-99F3-AFCD-AFBD-12F878AC12DB}"
EndProject
Project("{FAE04EC0-301F-11D3-BF4B-00C04F79EFBC}") = "IdentityServer", "src\commercial\Tests\IdentityServer\IdentityServer.csproj", "{6A89DF47-0743-69F7-235D-8C3B94464593}"
EndProject
Project("{FAE04EC0-301F-11D3-BF4B-00C04F79EFBC}") = "Sustainsys.Saml2.Plus.Tests", "src\commercial\Tests\Sustainsys.Saml2.Plus.Tests\Sustainsys.Saml2.Plus.Tests.csproj", "{BB403B3E-3B35-4CC2-9B2F-0FECF36CFB84}"
EndProject
Project("{FAE04EC0-301F-11D3-BF4B-00C04F79EFBC}") = "Sustainsys.Saml2.Tests.Helpers", "src\foss\Tests\Sustainsys.Saml2.Tests.Helpers\Sustainsys.Saml2.Tests.Helpers.csproj", "{2C4810C2-132A-43E0-868E-A49F55FCA49B}"
EndProject
Project("{FAE04EC0-301F-11D3-BF4B-00C04F79EFBC}") = "Sustainsys.Saml2.DuendeIdentityServer.Tests", "src\commercial\Tests\Sustainsys.Saml2.DuendeIdentityServer.Tests\Sustainsys.Saml2.DuendeIdentityServer.Tests.csproj", "{EF6D6115-F894-4F0A-A6FC-E05296FD6E12}"
EndProject
Project("{FAE04EC0-301F-11D3-BF4B-00C04F79EFBC}") = "OidcClient", "src\commercial\Tests\OidcClient\OidcClient.csproj", "{2B039462-32BF-47E6-ABFB-87D9E4B5BD85}"
EndProject
Global
	GlobalSection(SolutionConfigurationPlatforms) = preSolution
		Debug|Any CPU = Debug|Any CPU
		Release|Any CPU = Release|Any CPU
	EndGlobalSection
	GlobalSection(ProjectConfigurationPlatforms) = postSolution
		{A5EEC055-2C50-4E34-98D4-A2B5B1CB0F8D}.Debug|Any CPU.ActiveCfg = Debug|Any CPU
		{A5EEC055-2C50-4E34-98D4-A2B5B1CB0F8D}.Debug|Any CPU.Build.0 = Debug|Any CPU
		{A5EEC055-2C50-4E34-98D4-A2B5B1CB0F8D}.Release|Any CPU.ActiveCfg = Release|Any CPU
		{A5EEC055-2C50-4E34-98D4-A2B5B1CB0F8D}.Release|Any CPU.Build.0 = Release|Any CPU
		{A03937C8-9CBA-4B60-8116-4EFF2531DF0A}.Debug|Any CPU.ActiveCfg = Debug|Any CPU
		{A03937C8-9CBA-4B60-8116-4EFF2531DF0A}.Debug|Any CPU.Build.0 = Debug|Any CPU
		{A03937C8-9CBA-4B60-8116-4EFF2531DF0A}.Release|Any CPU.ActiveCfg = Release|Any CPU
		{A03937C8-9CBA-4B60-8116-4EFF2531DF0A}.Release|Any CPU.Build.0 = Release|Any CPU
		{F4B928E9-9E1D-4760-BA36-91BA46C2AA33}.Debug|Any CPU.ActiveCfg = Debug|Any CPU
		{F4B928E9-9E1D-4760-BA36-91BA46C2AA33}.Debug|Any CPU.Build.0 = Debug|Any CPU
		{F4B928E9-9E1D-4760-BA36-91BA46C2AA33}.Release|Any CPU.ActiveCfg = Release|Any CPU
		{F4B928E9-9E1D-4760-BA36-91BA46C2AA33}.Release|Any CPU.Build.0 = Release|Any CPU
		{DAD5157D-0583-4789-963E-5112D402C6F4}.Debug|Any CPU.ActiveCfg = Debug|Any CPU
		{DAD5157D-0583-4789-963E-5112D402C6F4}.Debug|Any CPU.Build.0 = Debug|Any CPU
		{DAD5157D-0583-4789-963E-5112D402C6F4}.Release|Any CPU.ActiveCfg = Release|Any CPU
		{DAD5157D-0583-4789-963E-5112D402C6F4}.Release|Any CPU.Build.0 = Release|Any CPU
		{F587ED90-9657-4828-9612-632260216A5A}.Debug|Any CPU.ActiveCfg = Debug|Any CPU
		{F587ED90-9657-4828-9612-632260216A5A}.Debug|Any CPU.Build.0 = Debug|Any CPU
		{F587ED90-9657-4828-9612-632260216A5A}.Release|Any CPU.ActiveCfg = Release|Any CPU
		{F587ED90-9657-4828-9612-632260216A5A}.Release|Any CPU.Build.0 = Release|Any CPU
		{6A89DF47-0743-69F7-235D-8C3B94464593}.Debug|Any CPU.ActiveCfg = Debug|Any CPU
		{6A89DF47-0743-69F7-235D-8C3B94464593}.Debug|Any CPU.Build.0 = Debug|Any CPU
		{6A89DF47-0743-69F7-235D-8C3B94464593}.Release|Any CPU.ActiveCfg = Release|Any CPU
		{6A89DF47-0743-69F7-235D-8C3B94464593}.Release|Any CPU.Build.0 = Release|Any CPU
		{BB403B3E-3B35-4CC2-9B2F-0FECF36CFB84}.Debug|Any CPU.ActiveCfg = Debug|Any CPU
		{BB403B3E-3B35-4CC2-9B2F-0FECF36CFB84}.Debug|Any CPU.Build.0 = Debug|Any CPU
		{BB403B3E-3B35-4CC2-9B2F-0FECF36CFB84}.Release|Any CPU.ActiveCfg = Release|Any CPU
		{BB403B3E-3B35-4CC2-9B2F-0FECF36CFB84}.Release|Any CPU.Build.0 = Release|Any CPU
		{2C4810C2-132A-43E0-868E-A49F55FCA49B}.Debug|Any CPU.ActiveCfg = Debug|Any CPU
		{2C4810C2-132A-43E0-868E-A49F55FCA49B}.Debug|Any CPU.Build.0 = Debug|Any CPU
		{2C4810C2-132A-43E0-868E-A49F55FCA49B}.Release|Any CPU.ActiveCfg = Release|Any CPU
		{2C4810C2-132A-43E0-868E-A49F55FCA49B}.Release|Any CPU.Build.0 = Release|Any CPU
		{EF6D6115-F894-4F0A-A6FC-E05296FD6E12}.Debug|Any CPU.ActiveCfg = Debug|Any CPU
		{EF6D6115-F894-4F0A-A6FC-E05296FD6E12}.Debug|Any CPU.Build.0 = Debug|Any CPU
		{EF6D6115-F894-4F0A-A6FC-E05296FD6E12}.Release|Any CPU.ActiveCfg = Release|Any CPU
		{EF6D6115-F894-4F0A-A6FC-E05296FD6E12}.Release|Any CPU.Build.0 = Release|Any CPU
		{2B039462-32BF-47E6-ABFB-87D9E4B5BD85}.Debug|Any CPU.ActiveCfg = Debug|Any CPU
		{2B039462-32BF-47E6-ABFB-87D9E4B5BD85}.Debug|Any CPU.Build.0 = Debug|Any CPU
		{2B039462-32BF-47E6-ABFB-87D9E4B5BD85}.Release|Any CPU.ActiveCfg = Release|Any CPU
		{2B039462-32BF-47E6-ABFB-87D9E4B5BD85}.Release|Any CPU.Build.0 = Release|Any CPU
	EndGlobalSection
	GlobalSection(SolutionProperties) = preSolution
		HideSolutionNode = FALSE
	EndGlobalSection
	GlobalSection(NestedProjects) = preSolution
		{92934DC3-A1E1-48D0-BBBF-8499A94EB9DC} = {53C837F9-BB1A-F9B8-7182-8811ACAB2E08}
		{A5EEC055-2C50-4E34-98D4-A2B5B1CB0F8D} = {53C837F9-BB1A-F9B8-7182-8811ACAB2E08}
		{A03937C8-9CBA-4B60-8116-4EFF2531DF0A} = {92934DC3-A1E1-48D0-BBBF-8499A94EB9DC}
		{F4B928E9-9E1D-4760-BA36-91BA46C2AA33} = {92934DC3-A1E1-48D0-BBBF-8499A94EB9DC}
		{DAD5157D-0583-4789-963E-5112D402C6F4} = {6941732A-EE8F-0657-99DC-FA435846C4C2}
		{F587ED90-9657-4828-9612-632260216A5A} = {6941732A-EE8F-0657-99DC-FA435846C4C2}
		{8904A032-99F3-AFCD-AFBD-12F878AC12DB} = {6941732A-EE8F-0657-99DC-FA435846C4C2}
		{6A89DF47-0743-69F7-235D-8C3B94464593} = {8904A032-99F3-AFCD-AFBD-12F878AC12DB}
		{BB403B3E-3B35-4CC2-9B2F-0FECF36CFB84} = {8904A032-99F3-AFCD-AFBD-12F878AC12DB}
		{2C4810C2-132A-43E0-868E-A49F55FCA49B} = {92934DC3-A1E1-48D0-BBBF-8499A94EB9DC}
		{EF6D6115-F894-4F0A-A6FC-E05296FD6E12} = {8904A032-99F3-AFCD-AFBD-12F878AC12DB}
		{2B039462-32BF-47E6-ABFB-87D9E4B5BD85} = {8904A032-99F3-AFCD-AFBD-12F878AC12DB}
	EndGlobalSection
	GlobalSection(ExtensibilityGlobals) = postSolution
		SolutionGuid = {6B39DC3D-AD4E-4DC4-A9BC-74CF3F38E9CC}
	EndGlobalSection
EndGlobal
